
Microsoft Visual Studio Solution File, Format Version 12.00
# Visual Studio 15
VisualStudioVersion = 15.0.28307.489
MinimumVisualStudioVersion = 10.0.40219.1
Project("{FAE04EC0-301F-11D3-BF4B-00C04F79EFBC}") = "AccessModi22", "AccessModi22.csproj", "{2E745AFD-B5AE-4D6E-80FC-99EDA138360C}"
EndProject
Global
	GlobalSection(SolutionConfigurationPlatforms) = preSolution
		Debug|Any CPU = Debug|Any CPU
		Release|Any CPU = Release|Any CPU
	EndGlobalSection
	GlobalSection(ProjectConfigurationPlatforms) = postSolution
		{2E745AFD-B5AE-4D6E-80FC-99EDA138360C}.Debug|Any CPU.ActiveCfg = Debug|Any CPU
		{2E745AFD-B5AE-4D6E-80FC-99EDA138360C}.Debug|Any CPU.Build.0 = Debug|Any CPU
		{2E745AFD-B5AE-4D6E-80FC-99EDA138360C}.Release|Any CPU.ActiveCfg = Release|Any CPU
		{2E745AFD-B5AE-4D6E-80FC-99EDA138360C}.Release|Any CPU.Build.0 = Release|Any CPU
	EndGlobalSection
	GlobalSection(SolutionProperties) = preSolution
		HideSolutionNode = FALSE
	EndGlobalSection
	GlobalSection(ExtensibilityGlobals) = postSolution
		SolutionGuid = {28426B4E-50F3-4FD3-8327-8928CCD02962}
	EndGlobalSection
EndGlobal
