
Microsoft Visual Studio Solution File, Format Version 12.00
# Visual Studio 15
VisualStudioVersion = 15.0.28307.489
MinimumVisualStudioVersion = 10.0.40219.1
Project("{FAE04EC0-301F-11D3-BF4B-00C04F79EFBC}") = "D", "D.csproj", "{2C928DA7-2D03-471F-93DB-479BDC1B15BE}"
EndProject
Global
	GlobalSection(SolutionConfigurationPlatforms) = preSolution
		Debug|Any CPU = Debug|Any CPU
		Release|Any CPU = Release|Any CPU
	EndGlobalSection
	GlobalSection(ProjectConfigurationPlatforms) = postSolution
		{2C928DA7-2D03-471F-93DB-479BDC1B15BE}.Debug|Any CPU.ActiveCfg = Debug|Any CPU
		{2C928DA7-2D03-471F-93DB-479BDC1B15BE}.Debug|Any CPU.Build.0 = Debug|Any CPU
		{2C928DA7-2D03-471F-93DB-479BDC1B15BE}.Release|Any CPU.ActiveCfg = Release|Any CPU
		{2C928DA7-2D03-471F-93DB-479BDC1B15BE}.Release|Any CPU.Build.0 = Release|Any CPU
	EndGlobalSection
	GlobalSection(SolutionProperties) = preSolution
		HideSolutionNode = FALSE
	EndGlobalSection
	GlobalSection(ExtensibilityGlobals) = postSolution
		SolutionGuid = {A061D582-FF10-49FE-B475-71A8AE7D3521}
	EndGlobalSection
EndGlobal
